Microsoft Visual Studio Solution File, Format Version 12.00
# Visual Studio 2012
Project("{2150E333-8FDC-42A3-9474-1A3956D46DE8}") = "Solution Items", "Solution Items", "{C1DF6EA4-3295-4D10-B208-7FEE96746C15}"
	ProjectSection(SolutionItems) = preProject
		appveyor.yml = appveyor.yml
		Install.ps1 = Install.ps1
		Local.testsettings = Local.testsettings
		README.md = README.md
		TemplateDatabaseManagement.vsmdi = TemplateDatabaseManagement.vsmdi
		TraceAndTestImpact.testsettings = TraceAndTestImpact.testsettings
	EndProjectSection
EndProject
Project("{2150E333-8FDC-42A3-9474-1A3956D46DE8}") = "Database", "Database", "{A5CE38B2-FD76-4AA8-AAB2-74A4B7D9F57A}"
	ProjectSection(SolutionItems) = preProject
		Database\InstallDB.ps1 = Database\InstallDB.ps1
	EndProjectSection
EndProject
Project("{FAE04EC0-301F-11D3-BF4B-00C04F79EFBC}") = "Trifolia.Shared", "Trifolia.Shared\Trifolia.Shared.csproj", "{C44C370B-2BFE-4503-921F-8BA7674517AE}"
EndProject
Project("{FAE04EC0-301F-11D3-BF4B-00C04F79EFBC}") = "Trifolia.Validation", "Trifolia.Validation\Trifolia.Validation.csproj", "{02F2AB9F-856B-4A0C-BE81-2DFA26B602B6}"
EndProject
Project("{FAE04EC0-301F-11D3-BF4B-00C04F79EFBC}") = "Trifolia.Terminology", "Trifolia.Terminology\Trifolia.Terminology.csproj", "{FDB22F8F-9677-471A-8929-B8DCB59E4C60}"
EndProject
Project("{FAE04EC0-301F-11D3-BF4B-00C04F79EFBC}") = "Trifolia.Config", "Trifolia.Config\Trifolia.Config.csproj", "{3FCE87C4-71B6-4FEB-A9EE-C6D64FDCC477}"
EndProject
Project("{FAE04EC0-301F-11D3-BF4B-00C04F79EFBC}") = "Trifolia.Authentication", "Trifolia.Authentication\Trifolia.Authentication.csproj", "{FB7FF53B-DF9F-437A-ADBA-AB0BEB854243}"
EndProject
Project("{FAE04EC0-301F-11D3-BF4B-00C04F79EFBC}") = "Trifolia.Test", "Trifolia.Test\Trifolia.Test.csproj", "{C37CBF55-BED6-4B95-889F-9DDB8B2FEB3F}"
EndProject
Project("{FAE04EC0-301F-11D3-BF4B-00C04F79EFBC}") = "Trifolia.Generation", "Trifolia.Generation\Trifolia.Generation.csproj", "{6070B7B7-78BE-44F7-9EBB-5FF0B944AAA3}"
EndProject
Project("{FAE04EC0-301F-11D3-BF4B-00C04F79EFBC}") = "Trifolia.Logging", "Trifolia.Logging\Trifolia.Logging.csproj", "{9032EEEF-9D4E-4F15-8A86-FF9F2A74E763}"
EndProject
Project("{FAE04EC0-301F-11D3-BF4B-00C04F79EFBC}") = "Trifolia.Web", "Trifolia.Web\Trifolia.Web.csproj", "{6017497A-7603-4C00-9B39-D88AD6BF73C8}"
	ProjectSection(ProjectDependencies) = postProject
		{FDB22F8F-9677-471A-8929-B8DCB59E4C60} = {FDB22F8F-9677-471A-8929-B8DCB59E4C60}
		{02F2AB9F-856B-4A0C-BE81-2DFA26B602B6} = {02F2AB9F-856B-4A0C-BE81-2DFA26B602B6}
	EndProjectSection
EndProject
Project("{FAE04EC0-301F-11D3-BF4B-00C04F79EFBC}") = "Trifolia.Authorization", "Trifolia.Authorization\Trifolia.Authorization.csproj", "{D90E0EEE-7AC3-4726-9A56-5B77632E9B3B}"
EndProject
Project("{FAE04EC0-301F-11D3-BF4B-00C04F79EFBC}") = "Trifolia.DB", "Trifolia.DB\Trifolia.DB.csproj", "{3E3C8E62-B392-433D-8C18-A4CFC72B36EF}"
EndProject
Project("{2150E333-8FDC-42A3-9474-1A3956D46DE8}") = "Help and Tooltips", "Help and Tooltips", "{A22A62E4-E697-4618-94C9-B46626E4E6CF}"
	ProjectSection(SolutionItems) = preProject
		Trifolia.Web\Help\Trifolia Workbench - New\Content\help.xml = Trifolia.Web\Help\Trifolia Workbench - New\Content\help.xml
		Trifolia.Web\Help\Trifolia Workbench - New\Content\tooltip.xml = Trifolia.Web\Help\Trifolia Workbench - New\Content\tooltip.xml
	EndProjectSection
EndProject
Project("{FAE04EC0-301F-11D3-BF4B-00C04F79EFBC}") = "Trifolia.Plugins", "Trifolia.Plugins\Trifolia.Plugins.csproj", "{D723DC35-997A-4BF3-BC7C-A22CB63C3892}"
EndProject
Project("{FAE04EC0-301F-11D3-BF4B-00C04F79EFBC}") = "Trifolia.Import", "Trifolia.Import\Trifolia.Import.csproj", "{71345C54-70CA-43C9-92AD-AFC064521E43}"
EndProject
Project("{FAE04EC0-301F-11D3-BF4B-00C04F79EFBC}") = "Trifolia.Export", "Trifolia.Export\Trifolia.Export.csproj", "{6BE1523E-6D37-4BF2-9564-19170A7341E3}"
EndProject
Project("{FAE04EC0-301F-11D3-BF4B-00C04F79EFBC}") = "Trifolia.Powershell", "Trifolia.Powershell\Trifolia.Powershell.csproj", "{644D3935-88AF-40E5-933A-D6E457A3DF42}"
EndProject
Global
	GlobalSection(TestCaseManagementSettings) = postSolution
		CategoryFile = TemplateDatabaseManagement.vsmdi
	EndGlobalSection
	GlobalSection(SolutionConfigurationPlatforms) = preSolution
		Debug|Any CPU = Debug|Any CPU
		Debug|Mixed Platforms = Debug|Mixed Platforms
		Debug|x86 = Debug|x86
		Install Debug|Any CPU = Install Debug|Any CPU
		Install Debug|Mixed Platforms = Install Debug|Mixed Platforms
		Install Debug|x86 = Install Debug|x86
		Install Release|Any CPU = Install Release|Any CPU
		Install Release|Mixed Platforms = Install Release|Mixed Platforms
		Install Release|x86 = Install Release|x86
		Release|Any CPU = Release|Any CPU
		Release|Mixed Platforms = Release|Mixed Platforms
		Release|x86 = Release|x86
	EndGlobalSection
	GlobalSection(ProjectConfigurationPlatforms) = postSolution
		{C44C370B-2BFE-4503-921F-8BA7674517AE}.Debug|Any CPU.ActiveCfg = Debug|Any CPU
		{C44C370B-2BFE-4503-921F-8BA7674517AE}.Debug|Any CPU.Build.0 = Debug|Any CPU
		{C44C370B-2BFE-4503-921F-8BA7674517AE}.Debug|Mixed Platforms.ActiveCfg = Debug|Any CPU
		{C44C370B-2BFE-4503-921F-8BA7674517AE}.Debug|Mixed Platforms.Build.0 = Debug|Any CPU
		{C44C370B-2BFE-4503-921F-8BA7674517AE}.Debug|x86.ActiveCfg = Debug|Any CPU
		{C44C370B-2BFE-4503-921F-8BA7674517AE}.Install Debug|Any CPU.ActiveCfg = Install Debug|Any CPU
		{C44C370B-2BFE-4503-921F-8BA7674517AE}.Install Debug|Any CPU.Build.0 = Install Debug|Any CPU
		{C44C370B-2BFE-4503-921F-8BA7674517AE}.Install Debug|Mixed Platforms.ActiveCfg = Install Debug|Any CPU
		{C44C370B-2BFE-4503-921F-8BA7674517AE}.Install Debug|Mixed Platforms.Build.0 = Install Debug|Any CPU
		{C44C370B-2BFE-4503-921F-8BA7674517AE}.Install Debug|x86.ActiveCfg = Install Debug|Any CPU
		{C44C370B-2BFE-4503-921F-8BA7674517AE}.Install Release|Any CPU.ActiveCfg = Install Release|Any CPU
		{C44C370B-2BFE-4503-921F-8BA7674517AE}.Install Release|Any CPU.Build.0 = Install Release|Any CPU
		{C44C370B-2BFE-4503-921F-8BA7674517AE}.Install Release|Mixed Platforms.ActiveCfg = Install Release|Any CPU
		{C44C370B-2BFE-4503-921F-8BA7674517AE}.Install Release|Mixed Platforms.Build.0 = Install Release|Any CPU
		{C44C370B-2BFE-4503-921F-8BA7674517AE}.Install Release|x86.ActiveCfg = Install Release|Any CPU
		{C44C370B-2BFE-4503-921F-8BA7674517AE}.Release|Any CPU.ActiveCfg = Install Release|Any CPU
		{C44C370B-2BFE-4503-921F-8BA7674517AE}.Release|Any CPU.Build.0 = Install Release|Any CPU
		{C44C370B-2BFE-4503-921F-8BA7674517AE}.Release|Mixed Platforms.ActiveCfg = Install Release|Any CPU
		{C44C370B-2BFE-4503-921F-8BA7674517AE}.Release|Mixed Platforms.Build.0 = Install Release|Any CPU
		{C44C370B-2BFE-4503-921F-8BA7674517AE}.Release|x86.ActiveCfg = Install Release|Any CPU
		{02F2AB9F-856B-4A0C-BE81-2DFA26B602B6}.Debug|Any CPU.ActiveCfg = Debug|Any CPU
		{02F2AB9F-856B-4A0C-BE81-2DFA26B602B6}.Debug|Any CPU.Build.0 = Debug|Any CPU
		{02F2AB9F-856B-4A0C-BE81-2DFA26B602B6}.Debug|Mixed Platforms.ActiveCfg = Debug|Any CPU
		{02F2AB9F-856B-4A0C-BE81-2DFA26B602B6}.Debug|Mixed Platforms.Build.0 = Debug|Any CPU
		{02F2AB9F-856B-4A0C-BE81-2DFA26B602B6}.Debug|x86.ActiveCfg = Debug|Any CPU
		{02F2AB9F-856B-4A0C-BE81-2DFA26B602B6}.Install Debug|Any CPU.ActiveCfg = Install Debug|Any CPU
		{02F2AB9F-856B-4A0C-BE81-2DFA26B602B6}.Install Debug|Any CPU.Build.0 = Install Debug|Any CPU
		{02F2AB9F-856B-4A0C-BE81-2DFA26B602B6}.Install Debug|Mixed Platforms.ActiveCfg = Install Debug|Any CPU
		{02F2AB9F-856B-4A0C-BE81-2DFA26B602B6}.Install Debug|Mixed Platforms.Build.0 = Install Debug|Any CPU
		{02F2AB9F-856B-4A0C-BE81-2DFA26B602B6}.Install Debug|x86.ActiveCfg = Install Debug|Any CPU
		{02F2AB9F-856B-4A0C-BE81-2DFA26B602B6}.Install Release|Any CPU.ActiveCfg = Install Release|Any CPU
		{02F2AB9F-856B-4A0C-BE81-2DFA26B602B6}.Install Release|Any CPU.Build.0 = Install Release|Any CPU
		{02F2AB9F-856B-4A0C-BE81-2DFA26B602B6}.Install Release|Mixed Platforms.ActiveCfg = Install Release|Any CPU
		{02F2AB9F-856B-4A0C-BE81-2DFA26B602B6}.Install Release|Mixed Platforms.Build.0 = Install Release|Any CPU
		{02F2AB9F-856B-4A0C-BE81-2DFA26B602B6}.Install Release|x86.ActiveCfg = Install Release|Any CPU
		{02F2AB9F-856B-4A0C-BE81-2DFA26B602B6}.Release|Any CPU.ActiveCfg = Release|Any CPU
		{02F2AB9F-856B-4A0C-BE81-2DFA26B602B6}.Release|Any CPU.Build.0 = Release|Any CPU
		{02F2AB9F-856B-4A0C-BE81-2DFA26B602B6}.Release|Mixed Platforms.ActiveCfg = Release|Any CPU
		{02F2AB9F-856B-4A0C-BE81-2DFA26B602B6}.Release|Mixed Platforms.Build.0 = Release|Any CPU
		{02F2AB9F-856B-4A0C-BE81-2DFA26B602B6}.Release|x86.ActiveCfg = Release|Any CPU
		{FDB22F8F-9677-471A-8929-B8DCB59E4C60}.Debug|Any CPU.ActiveCfg = Debug|Any CPU
		{FDB22F8F-9677-471A-8929-B8DCB59E4C60}.Debug|Any CPU.Build.0 = Debug|Any CPU
		{FDB22F8F-9677-471A-8929-B8DCB59E4C60}.Debug|Mixed Platforms.ActiveCfg = Debug|Any CPU
		{FDB22F8F-9677-471A-8929-B8DCB59E4C60}.Debug|Mixed Platforms.Build.0 = Debug|Any CPU
		{FDB22F8F-9677-471A-8929-B8DCB59E4C60}.Debug|x86.ActiveCfg = Debug|Any CPU
		{FDB22F8F-9677-471A-8929-B8DCB59E4C60}.Install Debug|Any CPU.ActiveCfg = Install Debug|Any CPU
		{FDB22F8F-9677-471A-8929-B8DCB59E4C60}.Install Debug|Any CPU.Build.0 = Install Debug|Any CPU
		{FDB22F8F-9677-471A-8929-B8DCB59E4C60}.Install Debug|Mixed Platforms.ActiveCfg = Install Debug|Any CPU
		{FDB22F8F-9677-471A-8929-B8DCB59E4C60}.Install Debug|Mixed Platforms.Build.0 = Install Debug|Any CPU
		{FDB22F8F-9677-471A-8929-B8DCB59E4C60}.Install Debug|x86.ActiveCfg = Install Debug|Any CPU
		{FDB22F8F-9677-471A-8929-B8DCB59E4C60}.Install Release|Any CPU.ActiveCfg = Install Release|Any CPU
		{FDB22F8F-9677-471A-8929-B8DCB59E4C60}.Install Release|Any CPU.Build.0 = Install Release|Any CPU
		{FDB22F8F-9677-471A-8929-B8DCB59E4C60}.Install Release|Mixed Platforms.ActiveCfg = Install Release|Any CPU
		{FDB22F8F-9677-471A-8929-B8DCB59E4C60}.Install Release|Mixed Platforms.Build.0 = Install Release|Any CPU
		{FDB22F8F-9677-471A-8929-B8DCB59E4C60}.Install Release|x86.ActiveCfg = Install Release|Any CPU
		{FDB22F8F-9677-471A-8929-B8DCB59E4C60}.Release|Any CPU.ActiveCfg = Release|Any CPU
		{FDB22F8F-9677-471A-8929-B8DCB59E4C60}.Release|Any CPU.Build.0 = Release|Any CPU
		{FDB22F8F-9677-471A-8929-B8DCB59E4C60}.Release|Mixed Platforms.ActiveCfg = Release|Any CPU
		{FDB22F8F-9677-471A-8929-B8DCB59E4C60}.Release|Mixed Platforms.Build.0 = Release|Any CPU
		{FDB22F8F-9677-471A-8929-B8DCB59E4C60}.Release|x86.ActiveCfg = Release|Any CPU
		{3FCE87C4-71B6-4FEB-A9EE-C6D64FDCC477}.Debug|Any CPU.ActiveCfg = Debug|Any CPU
		{3FCE87C4-71B6-4FEB-A9EE-C6D64FDCC477}.Debug|Any CPU.Build.0 = Debug|Any CPU
		{3FCE87C4-71B6-4FEB-A9EE-C6D64FDCC477}.Debug|Mixed Platforms.ActiveCfg = Debug|Any CPU
		{3FCE87C4-71B6-4FEB-A9EE-C6D64FDCC477}.Debug|Mixed Platforms.Build.0 = Debug|Any CPU
		{3FCE87C4-71B6-4FEB-A9EE-C6D64FDCC477}.Debug|x86.ActiveCfg = Debug|Any CPU
		{3FCE87C4-71B6-4FEB-A9EE-C6D64FDCC477}.Install Debug|Any CPU.ActiveCfg = Install Debug|Any CPU
		{3FCE87C4-71B6-4FEB-A9EE-C6D64FDCC477}.Install Debug|Any CPU.Build.0 = Install Debug|Any CPU
		{3FCE87C4-71B6-4FEB-A9EE-C6D64FDCC477}.Install Debug|Mixed Platforms.ActiveCfg = Install Debug|Any CPU
		{3FCE87C4-71B6-4FEB-A9EE-C6D64FDCC477}.Install Debug|Mixed Platforms.Build.0 = Install Debug|Any CPU
		{3FCE87C4-71B6-4FEB-A9EE-C6D64FDCC477}.Install Debug|x86.ActiveCfg = Install Debug|Any CPU
		{3FCE87C4-71B6-4FEB-A9EE-C6D64FDCC477}.Install Release|Any CPU.ActiveCfg = Install Release|Any CPU
		{3FCE87C4-71B6-4FEB-A9EE-C6D64FDCC477}.Install Release|Any CPU.Build.0 = Install Release|Any CPU
		{3FCE87C4-71B6-4FEB-A9EE-C6D64FDCC477}.Install Release|Mixed Platforms.ActiveCfg = Install Release|Any CPU
		{3FCE87C4-71B6-4FEB-A9EE-C6D64FDCC477}.Install Release|Mixed Platforms.Build.0 = Install Release|Any CPU
		{3FCE87C4-71B6-4FEB-A9EE-C6D64FDCC477}.Install Release|x86.ActiveCfg = Install Release|Any CPU
		{3FCE87C4-71B6-4FEB-A9EE-C6D64FDCC477}.Release|Any CPU.ActiveCfg = Install Release|Any CPU
		{3FCE87C4-71B6-4FEB-A9EE-C6D64FDCC477}.Release|Any CPU.Build.0 = Install Release|Any CPU
		{3FCE87C4-71B6-4FEB-A9EE-C6D64FDCC477}.Release|Mixed Platforms.ActiveCfg = Install Release|Any CPU
		{3FCE87C4-71B6-4FEB-A9EE-C6D64FDCC477}.Release|Mixed Platforms.Build.0 = Install Release|Any CPU
		{3FCE87C4-71B6-4FEB-A9EE-C6D64FDCC477}.Release|x86.ActiveCfg = Install Release|Any CPU
		{FB7FF53B-DF9F-437A-ADBA-AB0BEB854243}.Debug|Any CPU.ActiveCfg = Debug|Any CPU
		{FB7FF53B-DF9F-437A-ADBA-AB0BEB854243}.Debug|Any CPU.Build.0 = Debug|Any CPU
		{FB7FF53B-DF9F-437A-ADBA-AB0BEB854243}.Debug|Mixed Platforms.ActiveCfg = Debug|Any CPU
		{FB7FF53B-DF9F-437A-ADBA-AB0BEB854243}.Debug|Mixed Platforms.Build.0 = Debug|Any CPU
		{FB7FF53B-DF9F-437A-ADBA-AB0BEB854243}.Debug|x86.ActiveCfg = Debug|Any CPU
		{FB7FF53B-DF9F-437A-ADBA-AB0BEB854243}.Install Debug|Any CPU.ActiveCfg = Install Debug|Any CPU
		{FB7FF53B-DF9F-437A-ADBA-AB0BEB854243}.Install Debug|Any CPU.Build.0 = Install Debug|Any CPU
		{FB7FF53B-DF9F-437A-ADBA-AB0BEB854243}.Install Debug|Mixed Platforms.ActiveCfg = Install Debug|Any CPU
		{FB7FF53B-DF9F-437A-ADBA-AB0BEB854243}.Install Debug|Mixed Platforms.Build.0 = Install Debug|Any CPU
		{FB7FF53B-DF9F-437A-ADBA-AB0BEB854243}.Install Debug|x86.ActiveCfg = Install Debug|Any CPU
		{FB7FF53B-DF9F-437A-ADBA-AB0BEB854243}.Install Release|Any CPU.ActiveCfg = Install Release|Any CPU
		{FB7FF53B-DF9F-437A-ADBA-AB0BEB854243}.Install Release|Any CPU.Build.0 = Install Release|Any CPU
		{FB7FF53B-DF9F-437A-ADBA-AB0BEB854243}.Install Release|Mixed Platforms.ActiveCfg = Install Release|Any CPU
		{FB7FF53B-DF9F-437A-ADBA-AB0BEB854243}.Install Release|Mixed Platforms.Build.0 = Install Release|Any CPU
		{FB7FF53B-DF9F-437A-ADBA-AB0BEB854243}.Install Release|x86.ActiveCfg = Install Release|Any CPU
		{FB7FF53B-DF9F-437A-ADBA-AB0BEB854243}.Release|Any CPU.ActiveCfg = Install Release|Any CPU
		{FB7FF53B-DF9F-437A-ADBA-AB0BEB854243}.Release|Any CPU.Build.0 = Install Release|Any CPU
		{FB7FF53B-DF9F-437A-ADBA-AB0BEB854243}.Release|Mixed Platforms.ActiveCfg = Install Release|Any CPU
		{FB7FF53B-DF9F-437A-ADBA-AB0BEB854243}.Release|Mixed Platforms.Build.0 = Install Release|Any CPU
		{FB7FF53B-DF9F-437A-ADBA-AB0BEB854243}.Release|x86.ActiveCfg = Install Release|Any CPU
		{C37CBF55-BED6-4B95-889F-9DDB8B2FEB3F}.Debug|Any CPU.ActiveCfg = Debug|Any CPU
		{C37CBF55-BED6-4B95-889F-9DDB8B2FEB3F}.Debug|Any CPU.Build.0 = Debug|Any CPU
		{C37CBF55-BED6-4B95-889F-9DDB8B2FEB3F}.Debug|Mixed Platforms.ActiveCfg = Debug|Any CPU
		{C37CBF55-BED6-4B95-889F-9DDB8B2FEB3F}.Debug|Mixed Platforms.Build.0 = Debug|Any CPU
		{C37CBF55-BED6-4B95-889F-9DDB8B2FEB3F}.Debug|Mixed Platforms.Deploy.0 = Debug|Any CPU
		{C37CBF55-BED6-4B95-889F-9DDB8B2FEB3F}.Debug|x86.ActiveCfg = Debug|Any CPU
		{C37CBF55-BED6-4B95-889F-9DDB8B2FEB3F}.Install Debug|Any CPU.ActiveCfg = Install Debug|Any CPU
		{C37CBF55-BED6-4B95-889F-9DDB8B2FEB3F}.Install Debug|Any CPU.Build.0 = Install Debug|Any CPU
		{C37CBF55-BED6-4B95-889F-9DDB8B2FEB3F}.Install Debug|Mixed Platforms.ActiveCfg = Install Debug|Any CPU
		{C37CBF55-BED6-4B95-889F-9DDB8B2FEB3F}.Install Debug|Mixed Platforms.Build.0 = Install Debug|Any CPU
		{C37CBF55-BED6-4B95-889F-9DDB8B2FEB3F}.Install Debug|x86.ActiveCfg = Install Debug|Any CPU
		{C37CBF55-BED6-4B95-889F-9DDB8B2FEB3F}.Install Release|Any CPU.ActiveCfg = Install Release|Any CPU
		{C37CBF55-BED6-4B95-889F-9DDB8B2FEB3F}.Install Release|Any CPU.Build.0 = Install Release|Any CPU
		{C37CBF55-BED6-4B95-889F-9DDB8B2FEB3F}.Install Release|Mixed Platforms.ActiveCfg = Install Release|Any CPU
		{C37CBF55-BED6-4B95-889F-9DDB8B2FEB3F}.Install Release|Mixed Platforms.Build.0 = Install Release|Any CPU
		{C37CBF55-BED6-4B95-889F-9DDB8B2FEB3F}.Install Release|x86.ActiveCfg = Install Release|Any CPU
		{C37CBF55-BED6-4B95-889F-9DDB8B2FEB3F}.Release|Any CPU.ActiveCfg = Install Release|Any CPU
		{C37CBF55-BED6-4B95-889F-9DDB8B2FEB3F}.Release|Any CPU.Build.0 = Install Release|Any CPU
		{C37CBF55-BED6-4B95-889F-9DDB8B2FEB3F}.Release|Mixed Platforms.ActiveCfg = Install Release|Any CPU
		{C37CBF55-BED6-4B95-889F-9DDB8B2FEB3F}.Release|Mixed Platforms.Build.0 = Install Release|Any CPU
		{C37CBF55-BED6-4B95-889F-9DDB8B2FEB3F}.Release|x86.ActiveCfg = Install Release|Any CPU
		{6070B7B7-78BE-44F7-9EBB-5FF0B944AAA3}.Debug|Any CPU.ActiveCfg = Debug|Any CPU
		{6070B7B7-78BE-44F7-9EBB-5FF0B944AAA3}.Debug|Any CPU.Build.0 = Debug|Any CPU
		{6070B7B7-78BE-44F7-9EBB-5FF0B944AAA3}.Debug|Mixed Platforms.ActiveCfg = Debug|Any CPU
		{6070B7B7-78BE-44F7-9EBB-5FF0B944AAA3}.Debug|Mixed Platforms.Build.0 = Debug|Any CPU
		{6070B7B7-78BE-44F7-9EBB-5FF0B944AAA3}.Debug|x86.ActiveCfg = Debug|Any CPU
		{6070B7B7-78BE-44F7-9EBB-5FF0B944AAA3}.Install Debug|Any CPU.ActiveCfg = Install Debug|Any CPU
		{6070B7B7-78BE-44F7-9EBB-5FF0B944AAA3}.Install Debug|Any CPU.Build.0 = Install Debug|Any CPU
		{6070B7B7-78BE-44F7-9EBB-5FF0B944AAA3}.Install Debug|Mixed Platforms.ActiveCfg = Install Debug|Any CPU
		{6070B7B7-78BE-44F7-9EBB-5FF0B944AAA3}.Install Debug|Mixed Platforms.Build.0 = Install Debug|Any CPU
		{6070B7B7-78BE-44F7-9EBB-5FF0B944AAA3}.Install Debug|x86.ActiveCfg = Install Debug|Any CPU
		{6070B7B7-78BE-44F7-9EBB-5FF0B944AAA3}.Install Release|Any CPU.ActiveCfg = Install Release|Any CPU
		{6070B7B7-78BE-44F7-9EBB-5FF0B944AAA3}.Install Release|Any CPU.Build.0 = Install Release|Any CPU
		{6070B7B7-78BE-44F7-9EBB-5FF0B944AAA3}.Install Release|Mixed Platforms.ActiveCfg = Install Release|Any CPU
		{6070B7B7-78BE-44F7-9EBB-5FF0B944AAA3}.Install Release|Mixed Platforms.Build.0 = Install Release|Any CPU
		{6070B7B7-78BE-44F7-9EBB-5FF0B944AAA3}.Install Release|x86.ActiveCfg = Install Release|Any CPU
		{6070B7B7-78BE-44F7-9EBB-5FF0B944AAA3}.Release|Any CPU.ActiveCfg = Install Release|Any CPU
		{6070B7B7-78BE-44F7-9EBB-5FF0B944AAA3}.Release|Any CPU.Build.0 = Install Release|Any CPU
		{6070B7B7-78BE-44F7-9EBB-5FF0B944AAA3}.Release|Mixed Platforms.ActiveCfg = Install Release|Any CPU
		{6070B7B7-78BE-44F7-9EBB-5FF0B944AAA3}.Release|Mixed Platforms.Build.0 = Install Release|Any CPU
		{6070B7B7-78BE-44F7-9EBB-5FF0B944AAA3}.Release|x86.ActiveCfg = Install Release|Any CPU
		{9032EEEF-9D4E-4F15-8A86-FF9F2A74E763}.Debug|Any CPU.ActiveCfg = Debug|Any CPU
		{9032EEEF-9D4E-4F15-8A86-FF9F2A74E763}.Debug|Any CPU.Build.0 = Debug|Any CPU
		{9032EEEF-9D4E-4F15-8A86-FF9F2A74E763}.Debug|Mixed Platforms.ActiveCfg = Debug|Any CPU
		{9032EEEF-9D4E-4F15-8A86-FF9F2A74E763}.Debug|Mixed Platforms.Build.0 = Debug|Any CPU
		{9032EEEF-9D4E-4F15-8A86-FF9F2A74E763}.Debug|x86.ActiveCfg = Debug|Any CPU
		{9032EEEF-9D4E-4F15-8A86-FF9F2A74E763}.Install Debug|Any CPU.ActiveCfg = Install Debug|Any CPU
		{9032EEEF-9D4E-4F15-8A86-FF9F2A74E763}.Install Debug|Any CPU.Build.0 = Install Debug|Any CPU
		{9032EEEF-9D4E-4F15-8A86-FF9F2A74E763}.Install Debug|Mixed Platforms.ActiveCfg = Install Debug|Any CPU
		{9032EEEF-9D4E-4F15-8A86-FF9F2A74E763}.Install Debug|Mixed Platforms.Build.0 = Install Debug|Any CPU
		{9032EEEF-9D4E-4F15-8A86-FF9F2A74E763}.Install Debug|x86.ActiveCfg = Install Debug|Any CPU
		{9032EEEF-9D4E-4F15-8A86-FF9F2A74E763}.Install Release|Any CPU.ActiveCfg = Install Release|Any CPU
		{9032EEEF-9D4E-4F15-8A86-FF9F2A74E763}.Install Release|Any CPU.Build.0 = Install Release|Any CPU
		{9032EEEF-9D4E-4F15-8A86-FF9F2A74E763}.Install Release|Mixed Platforms.ActiveCfg = Install Release|Any CPU
		{9032EEEF-9D4E-4F15-8A86-FF9F2A74E763}.Install Release|Mixed Platforms.Build.0 = Install Release|Any CPU
		{9032EEEF-9D4E-4F15-8A86-FF9F2A74E763}.Install Release|x86.ActiveCfg = Install Release|Any CPU
		{9032EEEF-9D4E-4F15-8A86-FF9F2A74E763}.Release|Any CPU.ActiveCfg = Install Release|Any CPU
		{9032EEEF-9D4E-4F15-8A86-FF9F2A74E763}.Release|Any CPU.Build.0 = Install Release|Any CPU
		{9032EEEF-9D4E-4F15-8A86-FF9F2A74E763}.Release|Mixed Platforms.ActiveCfg = Install Release|Any CPU
		{9032EEEF-9D4E-4F15-8A86-FF9F2A74E763}.Release|Mixed Platforms.Build.0 = Install Release|Any CPU
		{9032EEEF-9D4E-4F15-8A86-FF9F2A74E763}.Release|x86.ActiveCfg = Install Release|Any CPU
		{6017497A-7603-4C00-9B39-D88AD6BF73C8}.Debug|Any CPU.ActiveCfg = Debug|Any CPU
		{6017497A-7603-4C00-9B39-D88AD6BF73C8}.Debug|Any CPU.Build.0 = Debug|Any CPU
		{6017497A-7603-4C00-9B39-D88AD6BF73C8}.Debug|Mixed Platforms.ActiveCfg = Debug|Any CPU
		{6017497A-7603-4C00-9B39-D88AD6BF73C8}.Debug|Mixed Platforms.Build.0 = Debug|Any CPU
		{6017497A-7603-4C00-9B39-D88AD6BF73C8}.Debug|x86.ActiveCfg = Debug|Any CPU
		{6017497A-7603-4C00-9B39-D88AD6BF73C8}.Install Debug|Any CPU.ActiveCfg = Install Debug|Any CPU
		{6017497A-7603-4C00-9B39-D88AD6BF73C8}.Install Debug|Any CPU.Build.0 = Install Debug|Any CPU
		{6017497A-7603-4C00-9B39-D88AD6BF73C8}.Install Debug|Mixed Platforms.ActiveCfg = Install Debug|Any CPU
		{6017497A-7603-4C00-9B39-D88AD6BF73C8}.Install Debug|Mixed Platforms.Build.0 = Install Debug|Any CPU
		{6017497A-7603-4C00-9B39-D88AD6BF73C8}.Install Debug|x86.ActiveCfg = Install Debug|Any CPU
		{6017497A-7603-4C00-9B39-D88AD6BF73C8}.Install Release|Any CPU.ActiveCfg = Install Release|Any CPU
		{6017497A-7603-4C00-9B39-D88AD6BF73C8}.Install Release|Any CPU.Build.0 = Install Release|Any CPU
		{6017497A-7603-4C00-9B39-D88AD6BF73C8}.Install Release|Mixed Platforms.ActiveCfg = Install Release|Any CPU
		{6017497A-7603-4C00-9B39-D88AD6BF73C8}.Install Release|Mixed Platforms.Build.0 = Install Release|Any CPU
		{6017497A-7603-4C00-9B39-D88AD6BF73C8}.Install Release|x86.ActiveCfg = Install Release|Any CPU
		{6017497A-7603-4C00-9B39-D88AD6BF73C8}.Release|Any CPU.ActiveCfg = Release|Any CPU
		{6017497A-7603-4C00-9B39-D88AD6BF73C8}.Release|Any CPU.Build.0 = Release|Any CPU
		{6017497A-7603-4C00-9B39-D88AD6BF73C8}.Release|Mixed Platforms.ActiveCfg = Release|Any CPU
		{6017497A-7603-4C00-9B39-D88AD6BF73C8}.Release|Mixed Platforms.Build.0 = Release|Any CPU
		{6017497A-7603-4C00-9B39-D88AD6BF73C8}.Release|x86.ActiveCfg = Release|Any CPU
		{D90E0EEE-7AC3-4726-9A56-5B77632E9B3B}.Debug|Any CPU.ActiveCfg = Debug|Any CPU
		{D90E0EEE-7AC3-4726-9A56-5B77632E9B3B}.Debug|Any CPU.Build.0 = Debug|Any CPU
		{D90E0EEE-7AC3-4726-9A56-5B77632E9B3B}.Debug|Mixed Platforms.ActiveCfg = Debug|Any CPU
		{D90E0EEE-7AC3-4726-9A56-5B77632E9B3B}.Debug|Mixed Platforms.Build.0 = Debug|Any CPU
		{D90E0EEE-7AC3-4726-9A56-5B77632E9B3B}.Debug|x86.ActiveCfg = Debug|Any CPU
		{D90E0EEE-7AC3-4726-9A56-5B77632E9B3B}.Install Debug|Any CPU.ActiveCfg = Install Debug|Any CPU
		{D90E0EEE-7AC3-4726-9A56-5B77632E9B3B}.Install Debug|Any CPU.Build.0 = Install Debug|Any CPU
		{D90E0EEE-7AC3-4726-9A56-5B77632E9B3B}.Install Debug|Mixed Platforms.ActiveCfg = Install Debug|Any CPU
		{D90E0EEE-7AC3-4726-9A56-5B77632E9B3B}.Install Debug|Mixed Platforms.Build.0 = Install Debug|Any CPU
		{D90E0EEE-7AC3-4726-9A56-5B77632E9B3B}.Install Debug|x86.ActiveCfg = Debug|Any CPU
		{D90E0EEE-7AC3-4726-9A56-5B77632E9B3B}.Install Release|Any CPU.ActiveCfg = Install Release|Any CPU
		{D90E0EEE-7AC3-4726-9A56-5B77632E9B3B}.Install Release|Any CPU.Build.0 = Install Release|Any CPU
		{D90E0EEE-7AC3-4726-9A56-5B77632E9B3B}.Install Release|Mixed Platforms.ActiveCfg = Install Release|Any CPU
		{D90E0EEE-7AC3-4726-9A56-5B77632E9B3B}.Install Release|Mixed Platforms.Build.0 = Install Release|Any CPU
		{D90E0EEE-7AC3-4726-9A56-5B77632E9B3B}.Install Release|x86.ActiveCfg = Install Release|Any CPU
		{D90E0EEE-7AC3-4726-9A56-5B77632E9B3B}.Release|Any CPU.ActiveCfg = Install Release|Any CPU
		{D90E0EEE-7AC3-4726-9A56-5B77632E9B3B}.Release|Any CPU.Build.0 = Install Release|Any CPU
		{D90E0EEE-7AC3-4726-9A56-5B77632E9B3B}.Release|Mixed Platforms.ActiveCfg = Install Release|Any CPU
		{D90E0EEE-7AC3-4726-9A56-5B77632E9B3B}.Release|Mixed Platforms.Build.0 = Install Release|Any CPU
		{D90E0EEE-7AC3-4726-9A56-5B77632E9B3B}.Release|x86.ActiveCfg = Install Release|Any CPU
		{3E3C8E62-B392-433D-8C18-A4CFC72B36EF}.Debug|Any CPU.ActiveCfg = Debug|Any CPU
		{3E3C8E62-B392-433D-8C18-A4CFC72B36EF}.Debug|Any CPU.Build.0 = Debug|Any CPU
		{3E3C8E62-B392-433D-8C18-A4CFC72B36EF}.Debug|Mixed Platforms.ActiveCfg = Debug|Any CPU
		{3E3C8E62-B392-433D-8C18-A4CFC72B36EF}.Debug|Mixed Platforms.Build.0 = Debug|Any CPU
		{3E3C8E62-B392-433D-8C18-A4CFC72B36EF}.Debug|x86.ActiveCfg = Debug|Any CPU
		{3E3C8E62-B392-433D-8C18-A4CFC72B36EF}.Install Debug|Any CPU.ActiveCfg = Install Debug|Any CPU
		{3E3C8E62-B392-433D-8C18-A4CFC72B36EF}.Install Debug|Any CPU.Build.0 = Install Debug|Any CPU
		{3E3C8E62-B392-433D-8C18-A4CFC72B36EF}.Install Debug|Mixed Platforms.ActiveCfg = Install Debug|Any CPU
		{3E3C8E62-B392-433D-8C18-A4CFC72B36EF}.Install Debug|Mixed Platforms.Build.0 = Install Debug|Any CPU
		{3E3C8E62-B392-433D-8C18-A4CFC72B36EF}.Install Debug|x86.ActiveCfg = Debug|Any CPU
		{3E3C8E62-B392-433D-8C18-A4CFC72B36EF}.Install Release|Any CPU.ActiveCfg = Install Release|Any CPU
		{3E3C8E62-B392-433D-8C18-A4CFC72B36EF}.Install Release|Any CPU.Build.0 = Install Release|Any CPU
		{3E3C8E62-B392-433D-8C18-A4CFC72B36EF}.Install Release|Mixed Platforms.ActiveCfg = Install Release|Any CPU
		{3E3C8E62-B392-433D-8C18-A4CFC72B36EF}.Install Release|Mixed Platforms.Build.0 = Install Release|Any CPU
		{3E3C8E62-B392-433D-8C18-A4CFC72B36EF}.Install Release|x86.ActiveCfg = Install Release|Any CPU
		{3E3C8E62-B392-433D-8C18-A4CFC72B36EF}.Release|Any CPU.ActiveCfg = Install Release|Any CPU
		{3E3C8E62-B392-433D-8C18-A4CFC72B36EF}.Release|Any CPU.Build.0 = Install Release|Any CPU
		{3E3C8E62-B392-433D-8C18-A4CFC72B36EF}.Release|Mixed Platforms.ActiveCfg = Install Release|Any CPU
		{3E3C8E62-B392-433D-8C18-A4CFC72B36EF}.Release|Mixed Platforms.Build.0 = Install Release|Any CPU
		{3E3C8E62-B392-433D-8C18-A4CFC72B36EF}.Release|x86.ActiveCfg = Install Release|Any CPU
		{D723DC35-997A-4BF3-BC7C-A22CB63C3892}.Debug|Any CPU.ActiveCfg = Debug|Any CPU
		{D723DC35-997A-4BF3-BC7C-A22CB63C3892}.Debug|Any CPU.Build.0 = Debug|Any CPU
		{D723DC35-997A-4BF3-BC7C-A22CB63C3892}.Debug|Mixed Platforms.ActiveCfg = Debug|Any CPU
		{D723DC35-997A-4BF3-BC7C-A22CB63C3892}.Debug|Mixed Platforms.Build.0 = Debug|Any CPU
		{D723DC35-997A-4BF3-BC7C-A22CB63C3892}.Debug|x86.ActiveCfg = Debug|Any CPU
		{D723DC35-997A-4BF3-BC7C-A22CB63C3892}.Install Debug|Any CPU.ActiveCfg = Debug|Any CPU
		{D723DC35-997A-4BF3-BC7C-A22CB63C3892}.Install Debug|Any CPU.Build.0 = Debug|Any CPU
		{D723DC35-997A-4BF3-BC7C-A22CB63C3892}.Install Debug|Mixed Platforms.ActiveCfg = Debug|Any CPU
		{D723DC35-997A-4BF3-BC7C-A22CB63C3892}.Install Debug|Mixed Platforms.Build.0 = Debug|Any CPU
		{D723DC35-997A-4BF3-BC7C-A22CB63C3892}.Install Debug|x86.ActiveCfg = Debug|Any CPU
		{D723DC35-997A-4BF3-BC7C-A22CB63C3892}.Install Release|Any CPU.ActiveCfg = Release|Any CPU
		{D723DC35-997A-4BF3-BC7C-A22CB63C3892}.Install Release|Any CPU.Build.0 = Release|Any CPU
		{D723DC35-997A-4BF3-BC7C-A22CB63C3892}.Install Release|Mixed Platforms.ActiveCfg = Release|Any CPU
		{D723DC35-997A-4BF3-BC7C-A22CB63C3892}.Install Release|Mixed Platforms.Build.0 = Release|Any CPU
		{D723DC35-997A-4BF3-BC7C-A22CB63C3892}.Install Release|x86.ActiveCfg = Release|Any CPU
		{D723DC35-997A-4BF3-BC7C-A22CB63C3892}.Release|Any CPU.ActiveCfg = Release|Any CPU
		{D723DC35-997A-4BF3-BC7C-A22CB63C3892}.Release|Any CPU.Build.0 = Release|Any CPU
		{D723DC35-997A-4BF3-BC7C-A22CB63C3892}.Release|Mixed Platforms.ActiveCfg = Release|Any CPU
		{D723DC35-997A-4BF3-BC7C-A22CB63C3892}.Release|Mixed Platforms.Build.0 = Release|Any CPU
		{D723DC35-997A-4BF3-BC7C-A22CB63C3892}.Release|x86.ActiveCfg = Release|Any CPU
		{71345C54-70CA-43C9-92AD-AFC064521E43}.Debug|Any CPU.ActiveCfg = Debug|Any CPU
		{71345C54-70CA-43C9-92AD-AFC064521E43}.Debug|Any CPU.Build.0 = Debug|Any CPU
		{71345C54-70CA-43C9-92AD-AFC064521E43}.Debug|Mixed Platforms.ActiveCfg = Debug|Any CPU
		{71345C54-70CA-43C9-92AD-AFC064521E43}.Debug|Mixed Platforms.Build.0 = Debug|Any CPU
		{71345C54-70CA-43C9-92AD-AFC064521E43}.Debug|x86.ActiveCfg = Debug|Any CPU
		{71345C54-70CA-43C9-92AD-AFC064521E43}.Install Debug|Any CPU.ActiveCfg = Debug|Any CPU
		{71345C54-70CA-43C9-92AD-AFC064521E43}.Install Debug|Any CPU.Build.0 = Debug|Any CPU
		{71345C54-70CA-43C9-92AD-AFC064521E43}.Install Debug|Mixed Platforms.ActiveCfg = Debug|Any CPU
		{71345C54-70CA-43C9-92AD-AFC064521E43}.Install Debug|Mixed Platforms.Build.0 = Debug|Any CPU
		{71345C54-70CA-43C9-92AD-AFC064521E43}.Install Debug|x86.ActiveCfg = Debug|Any CPU
		{71345C54-70CA-43C9-92AD-AFC064521E43}.Install Release|Any CPU.ActiveCfg = Release|Any CPU
		{71345C54-70CA-43C9-92AD-AFC064521E43}.Install Release|Any CPU.Build.0 = Release|Any CPU
		{71345C54-70CA-43C9-92AD-AFC064521E43}.Install Release|Mixed Platforms.ActiveCfg = Release|Any CPU
		{71345C54-70CA-43C9-92AD-AFC064521E43}.Install Release|Mixed Platforms.Build.0 = Release|Any CPU
		{71345C54-70CA-43C9-92AD-AFC064521E43}.Install Release|x86.ActiveCfg = Release|Any CPU
		{71345C54-70CA-43C9-92AD-AFC064521E43}.Release|Any CPU.ActiveCfg = Release|Any CPU
		{71345C54-70CA-43C9-92AD-AFC064521E43}.Release|Any CPU.Build.0 = Release|Any CPU
		{71345C54-70CA-43C9-92AD-AFC064521E43}.Release|Mixed Platforms.ActiveCfg = Release|Any CPU
		{71345C54-70CA-43C9-92AD-AFC064521E43}.Release|Mixed Platforms.Build.0 = Release|Any CPU
		{71345C54-70CA-43C9-92AD-AFC064521E43}.Release|x86.ActiveCfg = Release|Any CPU
		{6BE1523E-6D37-4BF2-9564-19170A7341E3}.Debug|Any CPU.ActiveCfg = Debug|Any CPU
		{6BE1523E-6D37-4BF2-9564-19170A7341E3}.Debug|Any CPU.Build.0 = Debug|Any CPU
		{6BE1523E-6D37-4BF2-9564-19170A7341E3}.Debug|Mixed Platforms.ActiveCfg = Debug|Any CPU
		{6BE1523E-6D37-4BF2-9564-19170A7341E3}.Debug|Mixed Platforms.Build.0 = Debug|Any CPU
		{6BE1523E-6D37-4BF2-9564-19170A7341E3}.Debug|x86.ActiveCfg = Debug|Any CPU
		{6BE1523E-6D37-4BF2-9564-19170A7341E3}.Install Debug|Any CPU.ActiveCfg = Debug|Any CPU
		{6BE1523E-6D37-4BF2-9564-19170A7341E3}.Install Debug|Any CPU.Build.0 = Debug|Any CPU
		{6BE1523E-6D37-4BF2-9564-19170A7341E3}.Install Debug|Mixed Platforms.ActiveCfg = Debug|Any CPU
		{6BE1523E-6D37-4BF2-9564-19170A7341E3}.Install Debug|Mixed Platforms.Build.0 = Debug|Any CPU
		{6BE1523E-6D37-4BF2-9564-19170A7341E3}.Install Debug|x86.ActiveCfg = Debug|Any CPU
		{6BE1523E-6D37-4BF2-9564-19170A7341E3}.Install Release|Any CPU.ActiveCfg = Release|Any CPU
		{6BE1523E-6D37-4BF2-9564-19170A7341E3}.Install Release|Any CPU.Build.0 = Release|Any CPU
		{6BE1523E-6D37-4BF2-9564-19170A7341E3}.Install Release|Mixed Platforms.ActiveCfg = Release|Any CPU
		{6BE1523E-6D37-4BF2-9564-19170A7341E3}.Install Release|Mixed Platforms.Build.0 = Release|Any CPU
		{6BE1523E-6D37-4BF2-9564-19170A7341E3}.Install Release|x86.ActiveCfg = Release|Any CPU
		{6BE1523E-6D37-4BF2-9564-19170A7341E3}.Release|Any CPU.ActiveCfg = Release|Any CPU
		{6BE1523E-6D37-4BF2-9564-19170A7341E3}.Release|Any CPU.Build.0 = Release|Any CPU
		{6BE1523E-6D37-4BF2-9564-19170A7341E3}.Release|Mixed Platforms.ActiveCfg = Release|Any CPU
		{6BE1523E-6D37-4BF2-9564-19170A7341E3}.Release|Mixed Platforms.Build.0 = Release|Any CPU
		{6BE1523E-6D37-4BF2-9564-19170A7341E3}.Release|x86.ActiveCfg = Release|Any CPU
		{644D3935-88AF-40E5-933A-D6E457A3DF42}.Debug|Any CPU.ActiveCfg = Debug|Any CPU
		{644D3935-88AF-40E5-933A-D6E457A3DF42}.Debug|Any CPU.Build.0 = Debug|Any CPU
		{644D3935-88AF-40E5-933A-D6E457A3DF42}.Debug|Mixed Platforms.ActiveCfg = Debug|Any CPU
		{644D3935-88AF-40E5-933A-D6E457A3DF42}.Debug|Mixed Platforms.Build.0 = Debug|Any CPU
		{644D3935-88AF-40E5-933A-D6E457A3DF42}.Debug|x86.ActiveCfg = Debug|Any CPU
		{644D3935-88AF-40E5-933A-D6E457A3DF42}.Install Debug|Any CPU.ActiveCfg = Debug|Any CPU
		{644D3935-88AF-40E5-933A-D6E457A3DF42}.Install Debug|Any CPU.Build.0 = Debug|Any CPU
		{644D3935-88AF-40E5-933A-D6E457A3DF42}.Install Debug|Mixed Platforms.ActiveCfg = Debug|Any CPU
		{644D3935-88AF-40E5-933A-D6E457A3DF42}.Install Debug|Mixed Platforms.Build.0 = Debug|Any CPU
		{644D3935-88AF-40E5-933A-D6E457A3DF42}.Install Debug|x86.ActiveCfg = Debug|Any CPU
		{644D3935-88AF-40E5-933A-D6E457A3DF42}.Install Release|Any CPU.ActiveCfg = Release|Any CPU
		{644D3935-88AF-40E5-933A-D6E457A3DF42}.Install Release|Any CPU.Build.0 = Release|Any CPU
		{644D3935-88AF-40E5-933A-D6E457A3DF42}.Install Release|Mixed Platforms.ActiveCfg = Release|Any CPU
		{644D3935-88AF-40E5-933A-D6E457A3DF42}.Install Release|Mixed Platforms.Build.0 = Release|Any CPU
		{644D3935-88AF-40E5-933A-D6E457A3DF42}.Install Release|x86.ActiveCfg = Release|Any CPU
		{644D3935-88AF-40E5-933A-D6E457A3DF42}.Release|Any CPU.ActiveCfg = Release|Any CPU
		{644D3935-88AF-40E5-933A-D6E457A3DF42}.Release|Any CPU.Build.0 = Release|Any CPU
		{644D3935-88AF-40E5-933A-D6E457A3DF42}.Release|Mixed Platforms.ActiveCfg = Release|Any CPU
		{644D3935-88AF-40E5-933A-D6E457A3DF42}.Release|Mixed Platforms.Build.0 = Release|Any CPU
		{644D3935-88AF-40E5-933A-D6E457A3DF42}.Release|x86.ActiveCfg = Release|Any CPU
	EndGlobalSection
	GlobalSection(SolutionProperties) = preSolution
		HideSolutionNode = FALSE
	EndGlobalSection
	GlobalSection(NestedProjects) = preSolution
		{A5CE38B2-FD76-4AA8-AAB2-74A4B7D9F57A} = {C1DF6EA4-3295-4D10-B208-7FEE96746C15}
		{A22A62E4-E697-4618-94C9-B46626E4E6CF} = {C1DF6EA4-3295-4D10-B208-7FEE96746C15}
	EndGlobalSection
	GlobalSection(ExtensibilityGlobals) = postSolution
		EnterpriseLibraryConfigurationToolBinariesPath = packages\Unity.2.1.505.2\lib\NET35;packages\Unity.Interception.2.1.505.2\lib\NET35;packages\EnterpriseLibrary.Common.5.0.505.0\lib\NET35;packages\EnterpriseLibrary.Caching.5.0.505.0\lib\NET35
	EndGlobalSection
EndGlobal
